// !$*UTF8*$!
{
	archiveVersion = 1;
	classes = {
	};
	objectVersion = 46;
	objects = {

/* Begin PBXBuildFile section */
		5A1926051B1BD4720044E47A /* AppDelegate.swift in Sources */ = {isa = PBXBuildFile; fileRef = 5A1926041B1BD4720044E47A /* AppDelegate.swift */; };
		5A1926071B1BD4720044E47A /* GameScene.sks in Resources */ = {isa = PBXBuildFile; fileRef = 5A1926061B1BD4720044E47A /* GameScene.sks */; };
		5A1926091B1BD4720044E47A /* GameScene.swift in Sources */ = {isa = PBXBuildFile; fileRef = 5A1926081B1BD4720044E47A /* GameScene.swift */; };
		5A19260B1B1BD4720044E47A /* GameViewController.swift in Sources */ = {isa = PBXBuildFile; fileRef = 5A19260A1B1BD4720044E47A /* GameViewController.swift */; };
		5A19260E1B1BD4720044E47A /* Main.storyboard in Resources */ = {isa = PBXBuildFile; fileRef = 5A19260C1B1BD4720044E47A /* Main.storyboard */; };
		5A1926101B1BD4720044E47A /* Images.xcassets in Resources */ = {isa = PBXBuildFile; fileRef = 5A19260F1B1BD4720044E47A /* Images.xcassets */; };
		5A1926131B1BD4720044E47A /* LaunchScreen.xib in Resources */ = {isa = PBXBuildFile; fileRef = 5A1926111B1BD4720044E47A /* LaunchScreen.xib */; };
		5A19261F1B1BD4720044E47A /* SuperSpaceManTests.swift in Sources */ = {isa = PBXBuildFile; fileRef = 5A19261E1B1BD4720044E47A /* SuperSpaceManTests.swift */; };
/* End PBXBuildFile section */

/* Begin PBXContainerItemProxy section */
		5A1926191B1BD4720044E47A /* PBXContainerItemProxy */ = {
			isa = PBXContainerItemProxy;
			containerPortal = 5A1925F71B1BD4710044E47A /* Project object */;
			proxyType = 1;
			remoteGlobalIDString = 5A1925FE1B1BD4720044E47A;
			remoteInfo = SuperSpaceMan;
		};
/* End PBXContainerItemProxy section */

/* Begin PBXFileReference section */
		5A1925FF1B1BD4720044E47A /* SuperSpaceMan.app */ = {isa = PBXFileReference; explicitFileType = wrapper.application; includeInIndex = 0; path = SuperSpaceMan.app; sourceTree = BUILT_PRODUCTS_DIR; };
		5A1926031B1BD4720044E47A /* Info.plist */ = {isa = PBXFileReference; lastKnownFileType = text.plist.xml; path = Info.plist; sourceTree = "<group>"; };
		5A1926041B1BD4720044E47A /* AppDelegate.swift */ = {isa = PBXFileReference; lastKnownFileType = sourcecode.swift; path = AppDelegate.swift; sourceTree = "<group>"; };
		5A1926061B1BD4720044E47A /* GameScene.sks */ = {isa = PBXFileReference; lastKnownFileType = file.sks; path = GameScene.sks; sourceTree = "<group>"; };
		5A1926081B1BD4720044E47A /* GameScene.swift */ = {isa = PBXFileReference; lastKnownFileType = sourcecode.swift; path = GameScene.swift; sourceTree = "<group>"; };
		5A19260A1B1BD4720044E47A /* GameViewController.swift */ = {isa = PBXFileReference; lastKnownFileType = sourcecode.swift; path = GameViewController.swift; sourceTree = "<group>"; };
		5A19260D1B1BD4720044E47A /* Base */ = {isa = PBXFileReference; lastKnownFileType = file.storyboard; name = Base; path = Base.lproj/Main.storyboard; sourceTree = "<group>"; };
		5A19260F1B1BD4720044E47A /* Images.xcassets */ = {isa = PBXFileReference; lastKnownFileType = folder.assetcatalog; path = Images.xcassets; sourceTree = "<group>"; };
		5A1926121B1BD4720044E47A /* Base */ = {isa = PBXFileReference; lastKnownFileType = file.xib; name = Base; path = Base.lproj/LaunchScreen.xib; sourceTree = "<group>"; };
		5A1926181B1BD4720044E47A /* SuperSpaceManTests.xctest */ = {isa = PBXFileReference; explicitFileType = wrapper.cfbundle; includeInIndex = 0; path = SuperSpaceManTests.xctest; sourceTree = BUILT_PRODUCTS_DIR; };
		5A19261D1B1BD4720044E47A /* Info.plist */ = {isa = PBXFileReference; lastKnownFileType = text.plist.xml; path = Info.plist; sourceTree = "<group>"; };
		5A19261E1B1BD4720044E47A /* SuperSpaceManTests.swift */ = {isa = PBXFileReference; lastKnownFileType = sourcecode.swift; path = SuperSpaceManTests.swift; sourceTree = "<group>"; };
/* End PBXFileReference section */

/* Begin PBXFrameworksBuildPhase section */
		5A1925FC1B1BD4720044E47A /* Frameworks */ = {
			isa = PBXFrameworksBuildPhase;
			buildActionMask = 2147483647;
			files = (
			);
			runOnlyForDeploymentPostprocessing = 0;
		};
		5A1926151B1BD4720044E47A /* Frameworks */ = {
			isa = PBXFrameworksBuildPhase;
			buildActionMask = 2147483647;
			files = (
			);
			runOnlyForDeploymentPostprocessing = 0;
		};
/* End PBXFrameworksBuildPhase section */

/* Begin PBXGroup section */
		5A1925F61B1BD4710044E47A = {
			isa = PBXGroup;
			children = (
				5A1926011B1BD4720044E47A /* SuperSpaceMan */,
				5A19261B1B1BD4720044E47A /* SuperSpaceManTests */,
				5A1926001B1BD4720044E47A /* Products */,
			);
			sourceTree = "<group>";
		};
		5A1926001B1BD4720044E47A /* Products */ = {
			isa = PBXGroup;
			children = (
				5A1925FF1B1BD4720044E47A /* SuperSpaceMan.app */,
				5A1926181B1BD4720044E47A /* SuperSpaceManTests.xctest */,
			);
			name = Products;
			sourceTree = "<group>";
		};
		5A1926011B1BD4720044E47A /* SuperSpaceMan */ = {
			isa = PBXGroup;
			children = (
				5A1926041B1BD4720044E47A /* AppDelegate.swift */,
				5A1926061B1BD4720044E47A /* GameScene.sks */,
				5A1926081B1BD4720044E47A /* GameScene.swift */,
				5A19260A1B1BD4720044E47A /* GameViewController.swift */,
				5A19260C1B1BD4720044E47A /* Main.storyboard */,
				5A19260F1B1BD4720044E47A /* Images.xcassets */,
				5A1926111B1BD4720044E47A /* LaunchScreen.xib */,
				5A1926021B1BD4720044E47A /* Supporting Files */,
			);
			path = SuperSpaceMan;
			sourceTree = "<group>";
		};
		5A1926021B1BD4720044E47A /* Supporting Files */ = {
			isa = PBXGroup;
			children = (
				5A1926031B1BD4720044E47A /* Info.plist */,
			);
			name = "Supporting Files";
			sourceTree = "<group>";
		};
		5A19261B1B1BD4720044E47A /* SuperSpaceManTests */ = {
			isa = PBXGroup;
			children = (
				5A19261E1B1BD4720044E47A /* SuperSpaceManTests.swift */,
				5A19261C1B1BD4720044E47A /* Supporting Files */,
			);
			path = SuperSpaceManTests;
			sourceTree = "<group>";
		};
		5A19261C1B1BD4720044E47A /* Supporting Files */ = {
			isa = PBXGroup;
			children = (
				5A19261D1B1BD4720044E47A /* Info.plist */,
			);
			name = "Supporting Files";
			sourceTree = "<group>";
		};
/* End PBXGroup section */

/* Begin PBXNativeTarget section */
		5A1925FE1B1BD4720044E47A /* SuperSpaceMan */ = {
			isa = PBXNativeTarget;
			buildConfigurationList = 5A1926221B1BD4720044E47A /* Build configuration list for PBXNativeTarget "SuperSpaceMan" */;
			buildPhases = (
				5A1925FB1B1BD4720044E47A /* Sources */,
				5A1925FC1B1BD4720044E47A /* Frameworks */,
				5A1925FD1B1BD4720044E47A /* Resources */,
			);
			buildRules = (
			);
			dependencies = (
			);
			name = SuperSpaceMan;
			productName = SuperSpaceMan;
			productReference = 5A1925FF1B1BD4720044E47A /* SuperSpaceMan.app */;
			productType = "com.apple.product-type.application";
		};
		5A1926171B1BD4720044E47A /* SuperSpaceManTests */ = {
			isa = PBXNativeTarget;
			buildConfigurationList = 5A1926251B1BD4720044E47A /* Build configuration list for PBXNativeTarget "SuperSpaceManTests" */;
			buildPhases = (
				5A1926141B1BD4720044E47A /* Sources */,
				5A1926151B1BD4720044E47A /* Frameworks */,
				5A1926161B1BD4720044E47A /* Resources */,
			);
			buildRules = (
			);
			dependencies = (
				5A19261A1B1BD4720044E47A /* PBXTargetDependency */,
			);
			name = SuperSpaceManTests;
			productName = SuperSpaceManTests;
			productReference = 5A1926181B1BD4720044E47A /* SuperSpaceManTests.xctest */;
			productType = "com.apple.product-type.bundle.unit-test";
		};
/* End PBXNativeTarget section */

/* Begin PBXProject section */
		5A1925F71B1BD4710044E47A /* Project object */ = {
			isa = PBXProject;
			attributes = {
				LastUpgradeCheck = 0630;
				ORGANIZATIONNAME = "Zheng Hao Tan";
				TargetAttributes = {
					5A1925FE1B1BD4720044E47A = {
						CreatedOnToolsVersion = 6.3.2;
					};
					5A1926171B1BD4720044E47A = {
						CreatedOnToolsVersion = 6.3.2;
						TestTargetID = 5A1925FE1B1BD4720044E47A;
					};
				};
			};
			buildConfigurationList = 5A1925FA1B1BD4710044E47A /* Build configuration list for PBXProject "SuperSpaceMan" */;
			compatibilityVersion = "Xcode 3.2";
			developmentRegion = English;
			hasScannedForEncodings = 0;
			knownRegions = (
				en,
				Base,
			);
			mainGroup = 5A1925F61B1BD4710044E47A;
			productRefGroup = 5A1926001B1BD4720044E47A /* Products */;
			projectDirPath = "";
			projectRoot = "";
			targets = (
				5A1925FE1B1BD4720044E47A /* SuperSpaceMan */,
				5A1926171B1BD4720044E47A /* SuperSpaceManTests */,
			);
		};
/* End PBXProject section */

/* Begin PBXResourcesBuildPhase section */
		5A1925FD1B1BD4720044E47A /* Resources */ = {
			isa = PBXResourcesBuildPhase;
			buildActionMask = 2147483647;
			files = (
				5A1926131B1BD4720044E47A /* LaunchScreen.xib in Resources */,
				5A1926101B1BD4720044E47A /* Images.xcassets in Resources */,
				5A1926071B1BD4720044E47A /* GameScene.sks in Resources */,
				5A19260E1B1BD4720044E47A /* Main.storyboard in Resources */,
			);
			runOnlyForDeploymentPostprocessing = 0;
		};
		5A1926161B1BD4720044E47A /* Resources */ = {
			isa = PBXResourcesBuildPhase;
			buildActionMask = 2147483647;
			files = (
			);
			runOnlyForDeploymentPostprocessing = 0;
		};
/* End PBXResourcesBuildPhase section */

/* Begin PBXSourcesBuildPhase section */
		5A1925FB1B1BD4720044E47A /* Sources */ = {
			isa = PBXSourcesBuildPhase;
			buildActionMask = 2147483647;
			files = (
				5A1926091B1BD4720044E47A /* GameScene.swift in Sources */,
				5A19260B1B1BD4720044E47A /* GameViewController.swift in Sources */,
				5A1926051B1BD4720044E47A /* AppDelegate.swift in Sources */,
			);
			runOnlyForDeploymentPostprocessing = 0;
		};
		5A1926141B1BD4720044E47A /* Sources */ = {
			isa = PBXSourcesBuildPhase;
			buildActionMask = 2147483647;
			files = (
				5A19261F1B1BD4720044E47A /* SuperSpaceManTests.swift in Sources */,
			);
			runOnlyForDeploymentPostprocessing = 0;
		};
/* End PBXSourcesBuildPhase section */

/* Begin PBXTargetDependency section */
		5A19261A1B1BD4720044E47A /* PBXTargetDependency */ = {
			isa = PBXTargetDependency;
			target = 5A1925FE1B1BD4720044E47A /* SuperSpaceMan */;
			targetProxy = 5A1926191B1BD4720044E47A /* PBXContainerItemProxy */;
		};
/* End PBXTargetDependency section */

/* Begin PBXVariantGroup section */
		5A19260C1B1BD4720044E47A /* Main.storyboard */ = {
			isa = PBXVariantGroup;
			children = (
				5A19260D1B1BD4720044E47A /* Base */,
			);
			name = Main.storyboard;
			sourceTree = "<group>";
		};
		5A1926111B1BD4720044E47A /* LaunchScreen.xib */ = {
			isa = PBXVariantGroup;
			children = (
				5A1926121B1BD4720044E47A /* Base */,
			);
			name = LaunchScreen.xib;
			sourceTree = "<group>";
		};
/* End PBXVariantGroup section */

/* Begin XCBuildConfiguration section */
		5A1926201B1BD4720044E47A /* Debug */ = {
			isa = XCBuildConfiguration;
			buildSettings = {
				ALWAYS_SEARCH_USER_PATHS = NO;
				CLANG_CXX_LANGUAGE_STANDARD = "gnu++0x";
				CLANG_CXX_LIBRARY = "libc++";
				CLANG_ENABLE_MODULES = YES;
				CLANG_ENABLE_OBJC_ARC = YES;
				CLANG_WARN_BOOL_CONVERSION = YES;
				CLANG_WARN_CONSTANT_CONVERSION = YES;
				CLANG_WARN_DIRECT_OBJC_ISA_USAGE = YES_ERROR;
				CLANG_WARN_EMPTY_BODY = YES;
				CLANG_WARN_ENUM_CONVERSION = YES;
				CLANG_WARN_INT_CONVERSION = YES;
				CLANG_WARN_OBJC_ROOT_CLASS = YES_ERROR;
				CLANG_WARN_UNREACHABLE_CODE = YES;
				CLANG_WARN__DUPLICATE_METHOD_MATCH = YES;
				"CODE_SIGN_IDENTITY[sdk=iphoneos*]" = "iPhone Developer";
				COPY_PHASE_STRIP = NO;
				DEBUG_INFORMATION_FORMAT = "dwarf-with-dsym";
				ENABLE_STRICT_OBJC_MSGSEND = YES;
				GCC_C_LANGUAGE_STANDARD = gnu99;
				GCC_DYNAMIC_NO_PIC = NO;
				GCC_NO_COMMON_BLOCKS = YES;
				GCC_OPTIMIZATION_LEVEL = 0;
				GCC_PREPROCESSOR_DEFINITIONS = (
					"DEBUG=1",
					"$(inherited)",
				);
				GCC_SYMBOLS_PRIVATE_EXTERN = NO;
				GCC_WARN_64_TO_32_BIT_CONVERSION = YES;
				GCC_WARN_ABOUT_RETURN_TYPE = YES_ERROR;
				GCC_WARN_UNDECLARED_SELECTOR = YES;
				GCC_WARN_UNINITIALIZED_AUTOS = YES_AGGRESSIVE;
				GCC_WARN_UNUSED_FUNCTION = YES;
				GCC_WARN_UNUSED_VARIABLE = YES;
				IPHONEOS_DEPLOYMENT_TARGET = 8.3;
				MTL_ENABLE_DEBUG_INFO = YES;
				ONLY_ACTIVE_ARCH = YES;
				SDKROOT = iphoneos;
				SWIFT_OPTIMIZATION_LEVEL = "-Onone";
			};
			name = Debug;
		};
		5A1926211B1BD4720044E47A /* Release */ = {
			isa = XCBuildConfiguration;
			buildSettings = {
				ALWAYS_SEARCH_USER_PATHS = NO;
				CLANG_CXX_LANGUAGE_STANDARD = "gnu++0x";
				CLANG_CXX_LIBRARY = "libc++";
				CLANG_ENABLE_MODULES = YES;
				CLANG_ENABLE_OBJC_ARC = YES;
				CLANG_WARN_BOOL_CONVERSION = YES;
				CLANG_WARN_CONSTANT_CONVERSION = YES;
				CLANG_WARN_DIRECT_OBJC_ISA_USAGE = YES_ERROR;
				CLANG_WARN_EMPTY_BODY = YES;
				CLANG_WARN_ENUM_CONVERSION = YES;
				CLANG_WARN_INT_CONVERSION = YES;
				CLANG_WARN_OBJC_ROOT_CLASS = YES_ERROR;
				CLANG_WARN_UNREACHABLE_CODE = YES;
				CLANG_WARN__DUPLICATE_METHOD_MATCH = YES;
				"CODE_SIGN_IDENTITY[sdk=iphoneos*]" = "iPhone Developer";
				COPY_PHASE_STRIP = NO;
				DEBUG_INFORMATION_FORMAT = "dwarf-with-dsym";
				ENABLE_NS_ASSERTIONS = NO;
				ENABLE_STRICT_OBJC_MSGSEND = YES;
				GCC_C_LANGUAGE_STANDARD = gnu99;
				GCC_NO_COMMON_BLOCKS = YES;
				GCC_WARN_64_TO_32_BIT_CONVERSION = YES;
				GCC_WARN_ABOUT_RETURN_TYPE = YES_ERROR;
				GCC_WARN_UNDECLARED_SELECTOR = YES;
				GCC_WARN_UNINITIALIZED_AUTOS = YES_AGGRESSIVE;
				GCC_WARN_UNUSED_FUNCTION = YES;
				GCC_WARN_UNUSED_VARIABLE = YES;
				IPHONEOS_DEPLOYMENT_TARGET = 8.3;
				MTL_ENABLE_DEBUG_INFO = NO;
				SDKROOT = iphoneos;
				VALIDATE_PRODUCT = YES;
			};
			name = Release;
		};
		5A1926231B1BD4720044E47A /* Debug */ = {
			isa = XCBuildConfiguration;
			buildSettings = {
				ASSETCATALOG_COMPILER_APPICON_NAME = AppIcon;
				INFOPLIST_FILE = SuperSpaceMan/Info.plist;
				LD_RUNPATH_SEARCH_PATHS = "$(inherited) @executable_path/Frameworks";
				PRODUCT_NAME = "$(TARGET_NAME)";
			};
			name = Debug;
		};
		5A1926241B1BD4720044E47A /* Release */ = {
			isa = XCBuildConfiguration;
			buildSettings = {
				ASSETCATALOG_COMPILER_APPICON_NAME = AppIcon;
				INFOPLIST_FILE = SuperSpaceMan/Info.plist;
				LD_RUNPATH_SEARCH_PATHS = "$(inherited) @executable_path/Frameworks";
				PRODUCT_NAME = "$(TARGET_NAME)";
			};
			name = Release;
		};
		5A1926261B1BD4720044E47A /* Debug */ = {
			isa = XCBuildConfiguration;
			buildSettings = {
				BUNDLE_LOADER = "$(TEST_HOST)";
				FRAMEWORK_SEARCH_PATHS = (
					"$(SDKROOT)/Developer/Library/Frameworks",
					"$(inherited)",
				);
				GCC_PREPROCESSOR_DEFINITIONS = (
					"DEBUG=1",
					"$(inherited)",
				);
				INFOPLIST_FILE = SuperSpaceManTests/Info.plist;
				LD_RUNPATH_SEARCH_PATHS = "$(inherited) @executable_path/Frameworks @loader_path/Frameworks";
				PRODUCT_NAME = "$(TARGET_NAME)";
				TEST_HOST = "$(BUILT_PRODUCTS_DIR)/SuperSpaceMan.app/SuperSpaceMan";
			};
			name = Debug;
		};
		5A1926271B1BD4720044E47A /* Release */ = {
			isa = XCBuildConfiguration;
			buildSettings = {
				BUNDLE_LOADER = "$(TEST_HOST)";
				FRAMEWORK_SEARCH_PATHS = (
					"$(SDKROOT)/Developer/Library/Frameworks",
					"$(inherited)",
				);
				INFOPLIST_FILE = SuperSpaceManTests/Info.plist;
				LD_RUNPATH_SEARCH_PATHS = "$(inherited) @executable_path/Frameworks @loader_path/Frameworks";
				PRODUCT_NAME = "$(TARGET_NAME)";
				TEST_HOST = "$(BUILT_PRODUCTS_DIR)/SuperSpaceMan.app/SuperSpaceMan";
			};
			name = Release;
		};
/* End XCBuildConfiguration section */

/* Begin XCConfigurationList section */
		5A1925FA1B1BD4710044E47A /* Build configuration list for PBXProject "SuperSpaceMan" */ = {
			isa = XCConfigurationList;
			buildConfigurations = (
				5A1926201B1BD4720044E47A /* Debug */,
				5A1926211B1BD4720044E47A /* Release */,
			);
			defaultConfigurationIsVisible = 0;
			defaultConfigurationName = Release;
		};
		5A1926221B1BD4720044E47A /* Build configuration list for PBXNativeTarget "SuperSpaceMan" */ = {
			isa = XCConfigurationList;
			buildConfigurations = (
				5A1926231B1BD4720044E47A /* Debug */,
				5A1926241B1BD4720044E47A /* Release */,
			);
			defaultConfigurationIsVisible = 0;
		};
		5A1926251B1BD4720044E47A /* Build configuration list for PBXNativeTarget "SuperSpaceManTests" */ = {
			isa = XCConfigurationList;
			buildConfigurations = (
				5A1926261B1BD4720044E47A /* Debug */,
				5A1926271B1BD4720044E47A /* Release */,
			);
			defaultConfigurationIsVisible = 0;
		};
/* End XCConfigurationList section */
	};
	rootObject = 5A1925F71B1BD4710044E47A /* Project object */;
}
